
Microsoft Visual Studio Solution File, Format Version 12.00
# Visual Studio 2012
Project("{E24C65DC-7377-472B-9ABA-BC803B73C61A}") = "ParkingRepairSystemNTPC", ".", "{831B3B9A-DF19-4BF2-85BD-6B7DB4EEA916}"
	ProjectSection(WebsiteProperties) = preProject
		TargetFrameworkMoniker = ".NETFramework,Version%3Dv4.0"
		Debug.AspNetCompiler.VirtualPath = "/ParkingRepairSystemNTPC"
		Debug.AspNetCompiler.PhysicalPath = "..\ParkingRepairSystemNTPC\"
		Debug.AspNetCompiler.TargetPath = "PrecompiledWeb\ParkingRepairSystemNTPC\"
		Debug.AspNetCompiler.Updateable = "true"
		Debug.AspNetCompiler.ForceOverwrite = "true"
		Debug.AspNetCompiler.FixedNames = "false"
		Debug.AspNetCompiler.Debug = "True"
		Release.AspNetCompiler.VirtualPath = "/ParkingRepairSystemNTPC"
		Release.AspNetCompiler.PhysicalPath = "..\ParkingRepairSystemNTPC\"
		Release.AspNetCompiler.TargetPath = "PrecompiledWeb\ParkingRepairSystemNTPC\"
		Release.AspNetCompiler.Updateable = "true"
		Release.AspNetCompiler.ForceOverwrite = "true"
		Release.AspNetCompiler.FixedNames = "false"
		Release.AspNetCompiler.Debug = "False"
		VWDPort = "4735"
	EndProjectSection
EndProject
Global
	GlobalSection(SolutionConfigurationPlatforms) = preSolution
		Debug|Any CPU = Debug|Any CPU
	EndGlobalSection
	GlobalSection(ProjectConfigurationPlatforms) = postSolution
		{831B3B9A-DF19-4BF2-85BD-6B7DB4EEA916}.Debug|Any CPU.ActiveCfg = Debug|Any CPU
		{831B3B9A-DF19-4BF2-85BD-6B7DB4EEA916}.Debug|Any CPU.Build.0 = Debug|Any CPU
	EndGlobalSection
	GlobalSection(SolutionProperties) = preSolution
		HideSolutionNode = FALSE
	EndGlobalSection
EndGlobal
